
Microsoft Visual Studio Solution File, Format Version 12.00
# Visual Studio Version 16
VisualStudioVersion = 16.0.31005.135
MinimumVisualStudioVersion = 10.0.40219.1
Project("{FAE04EC0-301F-11D3-BF4B-00C04F79EFBC}") = "TemplateDesign", "TemplateDesign\TemplateDesign.csproj", "{5DDF4B01-5081-40BB-BA3B-16628A6C9A98}"
EndProject
Global
	GlobalSection(SolutionConfigurationPlatforms) = preSolution
		Debug|Any CPU = Debug|Any CPU
		Release|Any CPU = Release|Any CPU
	EndGlobalSection
	GlobalSection(ProjectConfigurationPlatforms) = postSolution
		{5DDF4B01-5081-40BB-BA3B-16628A6C9A98}.Debug|Any CPU.ActiveCfg = Debug|Any CPU
		{5DDF4B01-5081-40BB-BA3B-16628A6C9A98}.Debug|Any CPU.Build.0 = Debug|Any CPU
		{5DDF4B01-5081-40BB-BA3B-16628A6C9A98}.Release|Any CPU.ActiveCfg = Release|Any CPU
		{5DDF4B01-5081-40BB-BA3B-16628A6C9A98}.Release|Any CPU.Build.0 = Release|Any CPU
	EndGlobalSection
	GlobalSection(SolutionProperties) = preSolution
		HideSolutionNode = FALSE
	EndGlobalSection
	GlobalSection(ExtensibilityGlobals) = postSolution
		SolutionGuid = {6C43408F-61FB-4808-B758-FF5142FDC522}
	EndGlobalSection
EndGlobal
